
Microsoft Visual Studio Solution File, Format Version 12.00
# Visual Studio Version 17
VisualStudioVersion = 17.8.34330.188
MinimumVisualStudioVersion = 10.0.40219.1
Project("{FAE04EC0-301F-11D3-BF4B-00C04F79EFBC}") = "ExpenseTrackerProjectRasul", "ExpenseTrackerProjectRasul\ExpenseTrackerProjectRasul.csproj", "{F1F05967-DB7E-46B5-8EB5-C73815072C19}"
EndProject
Global
	GlobalSection(SolutionConfigurationPlatforms) = preSolution
		Debug|Any CPU = Debug|Any CPU
		Release|Any CPU = Release|Any CPU
	EndGlobalSection
	GlobalSection(ProjectConfigurationPlatforms) = postSolution
		{F1F05967-DB7E-46B5-8EB5-C73815072C19}.Debug|Any CPU.ActiveCfg = Debug|Any CPU
		{F1F05967-DB7E-46B5-8EB5-C73815072C19}.Debug|Any CPU.Build.0 = Debug|Any CPU
		{F1F05967-DB7E-46B5-8EB5-C73815072C19}.Release|Any CPU.ActiveCfg = Release|Any CPU
		{F1F05967-DB7E-46B5-8EB5-C73815072C19}.Release|Any CPU.Build.0 = Release|Any CPU
	EndGlobalSection
	GlobalSection(SolutionProperties) = preSolution
		HideSolutionNode = FALSE
	EndGlobalSection
	GlobalSection(ExtensibilityGlobals) = postSolution
		SolutionGuid = {1BF25ED0-941F-40B6-BB57-DAD76BE64A55}
	EndGlobalSection
EndGlobal
